{
  "lockfileVersion": 1,
  "configVersion": 1,
  "workspaces": {
    "": {
      "name": "backend",
      "dependencies": {
        "@hono/node-server": "^2.1.0",
        "hono": "^4.13.0",
        "livekit-server-sdk": "^2.17.0",
      },
      "devDependencies": {
        "@types/bun": "latest",
      },
      "peerDependencies": {
        "typescript": "^5",
      },
    },
  },
  "packages": {
    "@bufbuild/protobuf": ["@bufbuild/protobuf@1.10.1", "", {}, "sha512-wJ8ReQbHxsAfXhrf9ixl0aYbZorRuOWpBNzm8pL8ftmSxQx/wnJD5Eg861NwJU/czy2VXFIebCeZnZrI9rktIQ=="],

    "@hono/node-server": ["@hono/node-server@2.1.0", "", { "peerDependencies": { "hono": "^4" } }, "sha512-XovyyCCnBzW+zKu+z/zq8hwNs4KOR5rEMAOxo2f40Q5xoOI37IMm6MIg2COOUtUApo0i6850MTBKH2u4QLGIqg=="],

    "@livekit/protocol": ["@livekit/protocol@1.50.4", "", { "dependencies": { "@bufbuild/protobuf": "^1.10.0" } }, "sha512-L1uggNQAqyY21smQY8AllyOYbcv9Me9TaxwuLytL1R8ck9nbYPmQLNwEDi3pOFGAMa5F8I2nUi2Jc59W5awxlA=="],

    "@types/bun": ["@types/bun@1.3.14", "", { "dependencies": { "bun-types": "1.3.14" } }, "sha512-h1hFqFVcvAvD9j9K7ZW7vd82aSA+rTdznZa+5bwvCwqSB1jmmfLcbIWhOLx1/+boy/xmjgCs/OMUL8hRJSmnPw=="],

    "@types/node": ["@types/node@26.1.2", "", { "dependencies": { "undici-types": "~8.3.0" } }, "sha512-Vu4a5UFA9rIIFJ7rB/Vaafh9lrCQszopTCx6KjFboXTGQbPNasehVR5TEiithSDGyd1DEiUByggTZsg8jukeIg=="],

    "bun-types": ["bun-types@1.3.14", "", { "dependencies": { "@types/node": "*" } }, "sha512-4N0ig0fEomHt5R0KCFWjovxow98rIoRwKolrYdCcknNwMekCXRnWEUvgu5soYV8QXtVsrUD8B95MBOZGPvr6KQ=="],

    "hono": ["hono@4.13.0", "", {}, "sha512-jhunvfHWxd7J5EFfSgH4xsYJzSe/lfqbUCxiyyeaQasUsXeEHXtzVid+7EOGByc5JnFa23SSFL3Y2RV/z1T+eQ=="],

    "jose": ["jose@5.10.0", "", {}, "sha512-s+3Al/p9g32Iq+oqXxkW//7jk2Vig6FF1CFqzVXoTUXt2qz89YWbL+OwS17NFYEvxC35n0FKeGO2LGYSxeM2Gg=="],

    "livekit-server-sdk": ["livekit-server-sdk@2.17.0", "", { "dependencies": { "@bufbuild/protobuf": "^1.10.1", "@livekit/protocol": "^1.48.0", "jose": "^5.1.2" } }, "sha512-GWNEQrUD13UwZNrmosyTVFPgeBvSU2lFKGxdA4DaUI5F4sMb1cGeep/PPEE9vvRNELJYpxWS0ImS4gQmovKUDA=="],

    "typescript": ["typescript@5.9.3", "", { "bin": { "tsc": "bin/tsc", "tsserver": "bin/tsserver" } }, "sha512-jl1vZzPDinLr9eUt3J/t7V6FgNEw9QjvBPdysz9KfQDD41fQrC2Y4vKQdiaUpFT4bXlb1RHhLpp8wtm6M5TgSw=="],

    "undici-types": ["undici-types@8.3.0", "", {}, "sha512-j375ScV60dom+YkPFIfTLcOiPxkN/buHz5GobjLhixFuANaNs3C9l4GmrWqejgXWJ7BbJcFYpTEUkS1Ge8bpZQ=="],
  }
}
